
Microsoft Visual Studio Solution File, Format Version 12.00
# Visual Studio 2013
VisualStudioVersion = 12.0.30324.0
MinimumVisualStudioVersion = 10.0.40219.1
Project("{FAE04EC0-301F-11D3-BF4B-00C04F79EFBC}") = "CA2MiniProject", "CA2MiniProject\CA2MiniProject.csproj", "{931135B7-E0A8-49B1-8754-859CE9B37C92}"
EndProject
Project("{FAE04EC0-301F-11D3-BF4B-00C04F79EFBC}") = "UserList", "UserList\UserList.csproj", "{2EBC9857-1E2E-426E-989C-78C86EEB16BE}"
EndProject
Global
	GlobalSection(SolutionConfigurationPlatforms) = preSolution
		Debug|Any CPU = Debug|Any CPU
		Debug|ARM = Debug|ARM
		Debug|x86 = Debug|x86
		Release|Any CPU = Release|Any CPU
		Release|ARM = Release|ARM
		Release|x86 = Release|x86
	EndGlobalSection
	GlobalSection(ProjectConfigurationPlatforms) = postSolution
		{931135B7-E0A8-49B1-8754-859CE9B37C92}.Debug|Any CPU.ActiveCfg = Debug|Any CPU
		{931135B7-E0A8-49B1-8754-859CE9B37C92}.Debug|Any CPU.Build.0 = Debug|Any CPU
		{931135B7-E0A8-49B1-8754-859CE9B37C92}.Debug|ARM.ActiveCfg = Debug|Any CPU
		{931135B7-E0A8-49B1-8754-859CE9B37C92}.Debug|x86.ActiveCfg = Debug|Any CPU
		{931135B7-E0A8-49B1-8754-859CE9B37C92}.Release|Any CPU.ActiveCfg = Release|Any CPU
		{931135B7-E0A8-49B1-8754-859CE9B37C92}.Release|Any CPU.Build.0 = Release|Any CPU
		{931135B7-E0A8-49B1-8754-859CE9B37C92}.Release|ARM.ActiveCfg = Release|Any CPU
		{931135B7-E0A8-49B1-8754-859CE9B37C92}.Release|x86.ActiveCfg = Release|Any CPU
		{2EBC9857-1E2E-426E-989C-78C86EEB16BE}.Debug|Any CPU.ActiveCfg = Debug|Any CPU
		{2EBC9857-1E2E-426E-989C-78C86EEB16BE}.Debug|Any CPU.Build.0 = Debug|Any CPU
		{2EBC9857-1E2E-426E-989C-78C86EEB16BE}.Debug|Any CPU.Deploy.0 = Debug|Any CPU
		{2EBC9857-1E2E-426E-989C-78C86EEB16BE}.Debug|ARM.ActiveCfg = Debug|ARM
		{2EBC9857-1E2E-426E-989C-78C86EEB16BE}.Debug|ARM.Build.0 = Debug|ARM
		{2EBC9857-1E2E-426E-989C-78C86EEB16BE}.Debug|ARM.Deploy.0 = Debug|ARM
		{2EBC9857-1E2E-426E-989C-78C86EEB16BE}.Debug|x86.ActiveCfg = Debug|x86
		{2EBC9857-1E2E-426E-989C-78C86EEB16BE}.Debug|x86.Build.0 = Debug|x86
		{2EBC9857-1E2E-426E-989C-78C86EEB16BE}.Debug|x86.Deploy.0 = Debug|x86
		{2EBC9857-1E2E-426E-989C-78C86EEB16BE}.Release|Any CPU.ActiveCfg = Release|Any CPU
		{2EBC9857-1E2E-426E-989C-78C86EEB16BE}.Release|Any CPU.Build.0 = Release|Any CPU
		{2EBC9857-1E2E-426E-989C-78C86EEB16BE}.Release|Any CPU.Deploy.0 = Release|Any CPU
		{2EBC9857-1E2E-426E-989C-78C86EEB16BE}.Release|ARM.ActiveCfg = Release|ARM
		{2EBC9857-1E2E-426E-989C-78C86EEB16BE}.Release|ARM.Build.0 = Release|ARM
		{2EBC9857-1E2E-426E-989C-78C86EEB16BE}.Release|ARM.Deploy.0 = Release|ARM
		{2EBC9857-1E2E-426E-989C-78C86EEB16BE}.Release|x86.ActiveCfg = Release|x86
		{2EBC9857-1E2E-426E-989C-78C86EEB16BE}.Release|x86.Build.0 = Release|x86
		{2EBC9857-1E2E-426E-989C-78C86EEB16BE}.Release|x86.Deploy.0 = Release|x86
	EndGlobalSection
	GlobalSection(SolutionProperties) = preSolution
		HideSolutionNode = FALSE
	EndGlobalSection
EndGlobal
